
Microsoft Visual Studio Solution File, Format Version 12.00
# Visual Studio Version 17
VisualStudioVersion = 17.9.34728.123
MinimumVisualStudioVersion = 10.0.40219.1
Project("{FAE04EC0-301F-11D3-BF4B-00C04F79EFBC}") = "BookStore", "BookStore\BookStore.csproj", "{6AC0F3EB-23CB-4E05-9851-826B288D5354}"
EndProject
Global
	GlobalSection(SolutionConfigurationPlatforms) = preSolution
		Debug|Any CPU = Debug|Any CPU
		Release|Any CPU = Release|Any CPU
	EndGlobalSection
	GlobalSection(ProjectConfigurationPlatforms) = postSolution
		{6AC0F3EB-23CB-4E05-9851-826B288D5354}.Debug|Any CPU.ActiveCfg = Debug|Any CPU
		{6AC0F3EB-23CB-4E05-9851-826B288D5354}.Debug|Any CPU.Build.0 = Debug|Any CPU
		{6AC0F3EB-23CB-4E05-9851-826B288D5354}.Release|Any CPU.ActiveCfg = Release|Any CPU
		{6AC0F3EB-23CB-4E05-9851-826B288D5354}.Release|Any CPU.Build.0 = Release|Any CPU
	EndGlobalSection
	GlobalSection(SolutionProperties) = preSolution
		HideSolutionNode = FALSE
	EndGlobalSection
	GlobalSection(ExtensibilityGlobals) = postSolution
		SolutionGuid = {14FE4D8D-87D1-4321-92C0-F85F1BC68C19}
	EndGlobalSection
EndGlobal
